{
    "_readme": [
        "This file locks the dependencies of your project to a known state",
        "Read more about it at https://getcomposer.org/doc/01-basic-usage.md#installing-dependencies",
        "This file is @generated automatically"
    ],
    "content-hash": "c06ef0ff6ffabda5a002b7328b06d896",
    "packages": [
        {
            "name": "baryshev/tree-route",
            "version": "v2.0.0",
            "source": {
                "type": "git",
                "url": "https://github.com/baryshev/TreeRoute.git",
                "reference": "d19626a66a408ccf3ebfd7ef4ef80fad03d26799"
            },
            "dist": {
                "type": "zip",
                "url": "https://api.github.com/repos/baryshev/TreeRoute/zipball/d19626a66a408ccf3ebfd7ef4ef80fad03d26799",
                "reference": "d19626a66a408ccf3ebfd7ef4ef80fad03d26799",
                "shasum": ""
            },
            "require": {
                "php": ">=5.4.0"
            },
            "require-dev": {
                "codeception/codeception": "^2.1",
                "codeception/specify": "^0.4.1"
            },
            "type": "library",
            "autoload": {
                "psr-4": {
                    "TreeRoute\\": "src/"
                }
            },
            "notification-url": "https://packagist.org/downloads/",
            "license": [
                "BSD-3-Clause"
            ],
            "authors": [
                {
                    "name": "Vadim Baryshev",
                    "email": "vadimbaryshev@gmail.com"
                }
            ],
            "description": "Perfomance focused request router",
            "keywords": [
                "router",
                "routing"
            ],
            "support": {
                "issues": "https://github.com/baryshev/TreeRoute/issues",
                "source": "https://github.com/baryshev/TreeRoute/tree/v2.0.0"
            },
            "time": "2015-11-04T23:12:50+00:00"
        }
    ],
    "packages-dev": [],
    "aliases": [],
    "minimum-stability": "stable",
    "stability-flags": [],
    "prefer-stable": false,
    "prefer-lowest": false,
    "platform": [],
    "platform-dev": [],
    "plugin-api-version": "2.1.0"
}
